// !$*UTF8*$!
{
	archiveVersion = 1;
	classes = {
	};
	objectVersion = 50;
	objects = {

/* Begin PBXBuildFile section */
		99118ACF2092EECD002EC3ED /* CalendarAllTaskTableViewCell.swift in Sources */ = {isa = PBXBuildFile; fileRef = 99118ACE2092EECD002EC3ED /* CalendarAllTaskTableViewCell.swift */; };
		99118AD220930351002EC3ED /* calendarTaskHeaderTableViewCell.swift in Sources */ = {isa = PBXBuildFile; fileRef = 99118AD120930351002EC3ED /* calendarTaskHeaderTableViewCell.swift */; };
		99118AD420939BCD002EC3ED /* AllTaskHeaderTableViewCell.swift in Sources */ = {isa = PBXBuildFile; fileRef = 99118AD320939BCD002EC3ED /* AllTaskHeaderTableViewCell.swift */; };
		99118AD62093E14C002EC3ED /* task_DescriptionVC.swift in Sources */ = {isa = PBXBuildFile; fileRef = 99118AD52093E14C002EC3ED /* task_DescriptionVC.swift */; };
		991FD5E520884C3D001205BA /* SideBarTableViewCell.swift in Sources */ = {isa = PBXBuildFile; fileRef = 991FD5E420884C3D001205BA /* SideBarTableViewCell.swift */; };
		9998D2F6208E61D4007840F8 /* CalendarVC.swift in Sources */ = {isa = PBXBuildFile; fileRef = 9998D2F5208E61D4007840F8 /* CalendarVC.swift */; };
		9998D2F9208E654F007840F8 /* dateCollectionViewCell.swift in Sources */ = {isa = PBXBuildFile; fileRef = 9998D2F8208E654F007840F8 /* dateCollectionViewCell.swift */; };
		9998D2FB208E66A2007840F8 /* CalendarVars.swift in Sources */ = {isa = PBXBuildFile; fileRef = 9998D2FA208E66A2007840F8 /* CalendarVars.swift */; };
		999E8B22208EC4030021C255 /* addTask_categoryCollectionViewCell.swift in Sources */ = {isa = PBXBuildFile; fileRef = 999E8B21208EC4030021C255 /* addTask_categoryCollectionViewCell.swift */; };
		99AFCEF120927BE10055F1EF /* Assets.xcassets in Resources */ = {isa = PBXBuildFile; fileRef = 99AFCEF020927BE00055F1EF /* Assets.xcassets */; };
		99BCE6C120919D4C0015CFDE /* addTask_timeCollectionViewCell.swift in Sources */ = {isa = PBXBuildFile; fileRef = 99BCE6C020919D4C0015CFDE /* addTask_timeCollectionViewCell.swift */; };
		99C29FF42087D1D50013F9EA /* AppDelegate.swift in Sources */ = {isa = PBXBuildFile; fileRef = 99C29FF32087D1D50013F9EA /* AppDelegate.swift */; };
		99C29FF62087D1D50013F9EA /* Bar1Controller.swift in Sources */ = {isa = PBXBuildFile; fileRef = 99C29FF52087D1D50013F9EA /* Bar1Controller.swift */; };
		99C29FF92087D1D50013F9EA /* Main.storyboard in Resources */ = {isa = PBXBuildFile; fileRef = 99C29FF72087D1D50013F9EA /* Main.storyboard */; };
		99C29FFE2087D1D60013F9EA /* LaunchScreen.storyboard in Resources */ = {isa = PBXBuildFile; fileRef = 99C29FFC2087D1D60013F9EA /* LaunchScreen.storyboard */; };
		99C2A0092087D1D70013F9EA /* TodoList_INFO6350Tests.swift in Sources */ = {isa = PBXBuildFile; fileRef = 99C2A0082087D1D70013F9EA /* TodoList_INFO6350Tests.swift */; };
		99D4AE8F208D68480026E6FE /* addTaskVC.swift in Sources */ = {isa = PBXBuildFile; fileRef = 99D4AE8E208D68480026E6FE /* addTaskVC.swift */; };
		99D4AE91208D6C9F0026E6FE /* taskTemplateCellTableViewCell.swift in Sources */ = {isa = PBXBuildFile; fileRef = 99D4AE90208D6C9E0026E6FE /* taskTemplateCellTableViewCell.swift */; };
		99D4AE93208E308D0026E6FE /* task_CategoryTableVC.swift in Sources */ = {isa = PBXBuildFile; fileRef = 99D4AE92208E308D0026E6FE /* task_CategoryTableVC.swift */; };
		99D4AE95208E334D0026E6FE /* task_CategoryTableViewCell.swift in Sources */ = {isa = PBXBuildFile; fileRef = 99D4AE94208E334D0026E6FE /* task_CategoryTableViewCell.swift */; };
		99E3CFC02089186B0085F123 /* AllTaskTableViewCell.swift in Sources */ = {isa = PBXBuildFile; fileRef = 99E3CFBF2089186B0085F123 /* AllTaskTableViewCell.swift */; };
		99E3CFC22089214A0085F123 /* TaskView.swift in Sources */ = {isa = PBXBuildFile; fileRef = 99E3CFC12089214A0085F123 /* TaskView.swift */; };
		99E3CFC42089B4D20085F123 /* ExpandableTasks.swift in Sources */ = {isa = PBXBuildFile; fileRef = 99E3CFC32089B4D20085F123 /* ExpandableTasks.swift */; };
/* End PBXBuildFile section */

/* Begin PBXContainerItemProxy section */
		99C2A0052087D1D60013F9EA /* PBXContainerItemProxy */ = {
			isa = PBXContainerItemProxy;
			containerPortal = 99C29FE82087D1D50013F9EA /* Project object */;
			proxyType = 1;
			remoteGlobalIDString = 99C29FEF2087D1D50013F9EA;
			remoteInfo = TodoList_INFO6350;
		};
/* End PBXContainerItemProxy section */

/* Begin PBXFileReference section */
		99118ACE2092EECD002EC3ED /* CalendarAllTaskTableViewCell.swift */ = {isa = PBXFileReference; lastKnownFileType = sourcecode.swift; path = CalendarAllTaskTableViewCell.swift; sourceTree = "<group>"; };
		99118AD120930351002EC3ED /* calendarTaskHeaderTableViewCell.swift */ = {isa = PBXFileReference; lastKnownFileType = sourcecode.swift; path = calendarTaskHeaderTableViewCell.swift; sourceTree = "<group>"; };
		99118AD320939BCD002EC3ED /* AllTaskHeaderTableViewCell.swift */ = {isa = PBXFileReference; lastKnownFileType = sourcecode.swift; path = AllTaskHeaderTableViewCell.swift; sourceTree = "<group>"; };
		99118AD52093E14C002EC3ED /* task_DescriptionVC.swift */ = {isa = PBXFileReference; lastKnownFileType = sourcecode.swift; path = task_DescriptionVC.swift; sourceTree = "<group>"; };
		991FD5E420884C3D001205BA /* SideBarTableViewCell.swift */ = {isa = PBXFileReference; lastKnownFileType = sourcecode.swift; path = SideBarTableViewCell.swift; sourceTree = "<group>"; };
		9998D2F5208E61D4007840F8 /* CalendarVC.swift */ = {isa = PBXFileReference; lastKnownFileType = sourcecode.swift; path = CalendarVC.swift; sourceTree = "<group>"; };
		9998D2F8208E654F007840F8 /* dateCollectionViewCell.swift */ = {isa = PBXFileReference; lastKnownFileType = sourcecode.swift; path = dateCollectionViewCell.swift; sourceTree = "<group>"; };
		9998D2FA208E66A2007840F8 /* CalendarVars.swift */ = {isa = PBXFileReference; lastKnownFileType = sourcecode.swift; path = CalendarVars.swift; sourceTree = "<group>"; };
		999E8B21208EC4030021C255 /* addTask_categoryCollectionViewCell.swift */ = {isa = PBXFileReference; lastKnownFileType = sourcecode.swift; path = addTask_categoryCollectionViewCell.swift; sourceTree = "<group>"; };
		99AFCEF020927BE00055F1EF /* Assets.xcassets */ = {isa = PBXFileReference; lastKnownFileType = folder.assetcatalog; name = Assets.xcassets; path = ../../../.Trash/Assets.xcassets; sourceTree = "<group>"; };
		99BCE6C020919D4C0015CFDE /* addTask_timeCollectionViewCell.swift */ = {isa = PBXFileReference; lastKnownFileType = sourcecode.swift; path = addTask_timeCollectionViewCell.swift; sourceTree = "<group>"; };
		99C29FF02087D1D50013F9EA /* TodoList_INFO6350.app */ = {isa = PBXFileReference; explicitFileType = wrapper.application; includeInIndex = 0; path = TodoList_INFO6350.app; sourceTree = BUILT_PRODUCTS_DIR; };
		99C29FF32087D1D50013F9EA /* AppDelegate.swift */ = {isa = PBXFileReference; lastKnownFileType = sourcecode.swift; path = AppDelegate.swift; sourceTree = "<group>"; };
		99C29FF52087D1D50013F9EA /* Bar1Controller.swift */ = {isa = PBXFileReference; lastKnownFileType = sourcecode.swift; path = Bar1Controller.swift; sourceTree = "<group>"; };
		99C29FF82087D1D50013F9EA /* Base */ = {isa = PBXFileReference; lastKnownFileType = file.storyboard; name = Base; path = Base.lproj/Main.storyboard; sourceTree = "<group>"; };
		99C29FFD2087D1D60013F9EA /* Base */ = {isa = PBXFileReference; lastKnownFileType = file.storyboard; name = Base; path = Base.lproj/LaunchScreen.storyboard; sourceTree = "<group>"; };
		99C29FFF2087D1D60013F9EA /* Info.plist */ = {isa = PBXFileReference; lastKnownFileType = text.plist.xml; path = Info.plist; sourceTree = "<group>"; };
		99C2A0042087D1D60013F9EA /* TodoList_INFO6350Tests.xctest */ = {isa = PBXFileReference; explicitFileType = wrapper.cfbundle; includeInIndex = 0; path = TodoList_INFO6350Tests.xctest; sourceTree = BUILT_PRODUCTS_DIR; };
		99C2A0082087D1D70013F9EA /* TodoList_INFO6350Tests.swift */ = {isa = PBXFileReference; lastKnownFileType = sourcecode.swift; path = TodoList_INFO6350Tests.swift; sourceTree = "<group>"; };
		99C2A00A2087D1D70013F9EA /* Info.plist */ = {isa = PBXFileReference; lastKnownFileType = text.plist.xml; path = Info.plist; sourceTree = "<group>"; };
		99D4AE8E208D68480026E6FE /* addTaskVC.swift */ = {isa = PBXFileReference; lastKnownFileType = sourcecode.swift; path = addTaskVC.swift; sourceTree = "<group>"; };
		99D4AE90208D6C9E0026E6FE /* taskTemplateCellTableViewCell.swift */ = {isa = PBXFileReference; lastKnownFileType = sourcecode.swift; path = taskTemplateCellTableViewCell.swift; sourceTree = "<group>"; };
		99D4AE92208E308D0026E6FE /* task_CategoryTableVC.swift */ = {isa = PBXFileReference; lastKnownFileType = sourcecode.swift; path = task_CategoryTableVC.swift; sourceTree = "<group>"; };
		99D4AE94208E334D0026E6FE /* task_CategoryTableViewCell.swift */ = {isa = PBXFileReference; lastKnownFileType = sourcecode.swift; path = task_CategoryTableViewCell.swift; sourceTree = "<group>"; };
		99E3CFBF2089186B0085F123 /* AllTaskTableViewCell.swift */ = {isa = PBXFileReference; lastKnownFileType = sourcecode.swift; path = AllTaskTableViewCell.swift; sourceTree = "<group>"; };
		99E3CFC12089214A0085F123 /* TaskView.swift */ = {isa = PBXFileReference; lastKnownFileType = sourcecode.swift; path = TaskView.swift; sourceTree = "<group>"; };
		99E3CFC32089B4D20085F123 /* ExpandableTasks.swift */ = {isa = PBXFileReference; lastKnownFileType = sourcecode.swift; path = ExpandableTasks.swift; sourceTree = "<group>"; };
/* End PBXFileReference section */

/* Begin PBXFrameworksBuildPhase section */
		99C29FED2087D1D50013F9EA /* Frameworks */ = {
			isa = PBXFrameworksBuildPhase;
			buildActionMask = 2147483647;
			files = (
			);
			runOnlyForDeploymentPostprocessing = 0;
		};
		99C2A0012087D1D60013F9EA /* Frameworks */ = {
			isa = PBXFrameworksBuildPhase;
			buildActionMask = 2147483647;
			files = (
			);
			runOnlyForDeploymentPostprocessing = 0;
		};
/* End PBXFrameworksBuildPhase section */

/* Begin PBXGroup section */
		991FD5E320884C0E001205BA /* Task */ = {
			isa = PBXGroup;
			children = (
				99E3CFBF2089186B0085F123 /* AllTaskTableViewCell.swift */,
				991FD5E420884C3D001205BA /* SideBarTableViewCell.swift */,
				99D4AE90208D6C9E0026E6FE /* taskTemplateCellTableViewCell.swift */,
				99D4AE94208E334D0026E6FE /* task_CategoryTableViewCell.swift */,
				999E8B21208EC4030021C255 /* addTask_categoryCollectionViewCell.swift */,
				99BCE6C020919D4C0015CFDE /* addTask_timeCollectionViewCell.swift */,
				99118AD320939BCD002EC3ED /* AllTaskHeaderTableViewCell.swift */,
			);
			path = Task;
			sourceTree = "<group>";
		};
		9998D2F4208E61A0007840F8 /* Calendar */ = {
			isa = PBXGroup;
			children = (
				9998D2F5208E61D4007840F8 /* CalendarVC.swift */,
			);
			path = Calendar;
			sourceTree = "<group>";
		};
		9998D2F7208E646A007840F8 /* Calendar */ = {
			isa = PBXGroup;
			children = (
				9998D2F8208E654F007840F8 /* dateCollectionViewCell.swift */,
				99118ACE2092EECD002EC3ED /* CalendarAllTaskTableViewCell.swift */,
				99118AD120930351002EC3ED /* calendarTaskHeaderTableViewCell.swift */,
			);
			name = Calendar;
			path = "New Group";
			sourceTree = "<group>";
		};
		999E8B1F208E96B90021C255 /* Model */ = {
			isa = PBXGroup;
			children = (
				9998D2FA208E66A2007840F8 /* CalendarVars.swift */,
				99E3CFC32089B4D20085F123 /* ExpandableTasks.swift */,
			);
			path = Model;
			sourceTree = "<group>";
		};
		999E8B20208EC34E0021C255 /* Task */ = {
			isa = PBXGroup;
			children = (
				99D4AE8E208D68480026E6FE /* addTaskVC.swift */,
				99D4AE92208E308D0026E6FE /* task_CategoryTableVC.swift */,
				99118AD52093E14C002EC3ED /* task_DescriptionVC.swift */,
			);
			path = Task;
			sourceTree = "<group>";
		};
		99C29FE72087D1D50013F9EA = {
			isa = PBXGroup;
			children = (
				99C29FF22087D1D50013F9EA /* TodoList_INFO6350 */,
				99C2A0072087D1D70013F9EA /* TodoList_INFO6350Tests */,
				99C29FF12087D1D50013F9EA /* Products */,
			);
			sourceTree = "<group>";
		};
		99C29FF12087D1D50013F9EA /* Products */ = {
			isa = PBXGroup;
			children = (
				99C29FF02087D1D50013F9EA /* TodoList_INFO6350.app */,
				99C2A0042087D1D60013F9EA /* TodoList_INFO6350Tests.xctest */,
			);
			name = Products;
			sourceTree = "<group>";
		};
		99C29FF22087D1D50013F9EA /* TodoList_INFO6350 */ = {
			isa = PBXGroup;
			children = (
				99AFCEF020927BE00055F1EF /* Assets.xcassets */,
				99C29FF32087D1D50013F9EA /* AppDelegate.swift */,
				991FD5E320884C0E001205BA /* Task */,
				9998D2F7208E646A007840F8 /* Calendar */,
				99D4AE8D208D68020026E6FE /* Controllers */,
				99C29FF52087D1D50013F9EA /* Bar1Controller.swift */,
				99C29FF72087D1D50013F9EA /* Main.storyboard */,
				99C29FFC2087D1D60013F9EA /* LaunchScreen.storyboard */,
				99C29FFF2087D1D60013F9EA /* Info.plist */,
				99E3CFC12089214A0085F123 /* TaskView.swift */,
				999E8B1F208E96B90021C255 /* Model */,
			);
			path = TodoList_INFO6350;
			sourceTree = "<group>";
		};
		99C2A0072087D1D70013F9EA /* TodoList_INFO6350Tests */ = {
			isa = PBXGroup;
			children = (
				99C2A0082087D1D70013F9EA /* TodoList_INFO6350Tests.swift */,
				99C2A00A2087D1D70013F9EA /* Info.plist */,
			);
			path = TodoList_INFO6350Tests;
			sourceTree = "<group>";
		};
		99D4AE8D208D68020026E6FE /* Controllers */ = {
			isa = PBXGroup;
			children = (
				999E8B20208EC34E0021C255 /* Task */,
				9998D2F4208E61A0007840F8 /* Calendar */,
			);
			path = Controllers;
			sourceTree = "<group>";
		};
/* End PBXGroup section */

/* Begin PBXNativeTarget section */
		99C29FEF2087D1D50013F9EA /* TodoList_INFO6350 */ = {
			isa = PBXNativeTarget;
			buildConfigurationList = 99C2A00D2087D1D70013F9EA /* Build configuration list for PBXNativeTarget "TodoList_INFO6350" */;
			buildPhases = (
				99C29FEC2087D1D50013F9EA /* Sources */,
				99C29FED2087D1D50013F9EA /* Frameworks */,
				99C29FEE2087D1D50013F9EA /* Resources */,
			);
			buildRules = (
			);
			dependencies = (
			);
			name = TodoList_INFO6350;
			productName = TodoList_INFO6350;
			productReference = 99C29FF02087D1D50013F9EA /* TodoList_INFO6350.app */;
			productType = "com.apple.product-type.application";
		};
		99C2A0032087D1D60013F9EA /* TodoList_INFO6350Tests */ = {
			isa = PBXNativeTarget;
			buildConfigurationList = 99C2A0102087D1D70013F9EA /* Build configuration list for PBXNativeTarget "TodoList_INFO6350Tests" */;
			buildPhases = (
				99C2A0002087D1D60013F9EA /* Sources */,
				99C2A0012087D1D60013F9EA /* Frameworks */,
				99C2A0022087D1D60013F9EA /* Resources */,
			);
			buildRules = (
			);
			dependencies = (
				99C2A0062087D1D60013F9EA /* PBXTargetDependency */,
			);
			name = TodoList_INFO6350Tests;
			productName = TodoList_INFO6350Tests;
			productReference = 99C2A0042087D1D60013F9EA /* TodoList_INFO6350Tests.xctest */;
			productType = "com.apple.product-type.bundle.unit-test";
		};
/* End PBXNativeTarget section */

/* Begin PBXProject section */
		99C29FE82087D1D50013F9EA /* Project object */ = {
			isa = PBXProject;
			attributes = {
				LastSwiftUpdateCheck = 0930;
				LastUpgradeCheck = 0930;
				ORGANIZATIONNAME = "殷若华";
				TargetAttributes = {
					99C29FEF2087D1D50013F9EA = {
						CreatedOnToolsVersion = 9.3;
					};
					99C2A0032087D1D60013F9EA = {
						CreatedOnToolsVersion = 9.3;
						TestTargetID = 99C29FEF2087D1D50013F9EA;
					};
				};
			};
			buildConfigurationList = 99C29FEB2087D1D50013F9EA /* Build configuration list for PBXProject "TodoList_INFO6350" */;
			compatibilityVersion = "Xcode 9.3";
			developmentRegion = en;
			hasScannedForEncodings = 0;
			knownRegions = (
				en,
				Base,
			);
			mainGroup = 99C29FE72087D1D50013F9EA;
			productRefGroup = 99C29FF12087D1D50013F9EA /* Products */;
			projectDirPath = "";
			projectRoot = "";
			targets = (
				99C29FEF2087D1D50013F9EA /* TodoList_INFO6350 */,
				99C2A0032087D1D60013F9EA /* TodoList_INFO6350Tests */,
			);
		};
/* End PBXProject section */

/* Begin PBXResourcesBuildPhase section */
		99C29FEE2087D1D50013F9EA /* Resources */ = {
			isa = PBXResourcesBuildPhase;
			buildActionMask = 2147483647;
			files = (
				99C29FFE2087D1D60013F9EA /* LaunchScreen.storyboard in Resources */,
				99AFCEF120927BE10055F1EF /* Assets.xcassets in Resources */,
				99C29FF92087D1D50013F9EA /* Main.storyboard in Resources */,
			);
			runOnlyForDeploymentPostprocessing = 0;
		};
		99C2A0022087D1D60013F9EA /* Resources */ = {
			isa = PBXResourcesBuildPhase;
			buildActionMask = 2147483647;
			files = (
			);
			runOnlyForDeploymentPostprocessing = 0;
		};
/* End PBXResourcesBuildPhase section */

/* Begin PBXSourcesBuildPhase section */
		99C29FEC2087D1D50013F9EA /* Sources */ = {
			isa = PBXSourcesBuildPhase;
			buildActionMask = 2147483647;
			files = (
				99BCE6C120919D4C0015CFDE /* addTask_timeCollectionViewCell.swift in Sources */,
				99D4AE93208E308D0026E6FE /* task_CategoryTableVC.swift in Sources */,
				99D4AE91208D6C9F0026E6FE /* taskTemplateCellTableViewCell.swift in Sources */,
				99E3CFC02089186B0085F123 /* AllTaskTableViewCell.swift in Sources */,
				99118AD420939BCD002EC3ED /* AllTaskHeaderTableViewCell.swift in Sources */,
				99118AD220930351002EC3ED /* calendarTaskHeaderTableViewCell.swift in Sources */,
				99D4AE8F208D68480026E6FE /* addTaskVC.swift in Sources */,
				9998D2F9208E654F007840F8 /* dateCollectionViewCell.swift in Sources */,
				99118AD62093E14C002EC3ED /* task_DescriptionVC.swift in Sources */,
				9998D2F6208E61D4007840F8 /* CalendarVC.swift in Sources */,
				99C29FF62087D1D50013F9EA /* Bar1Controller.swift in Sources */,
				99E3CFC42089B4D20085F123 /* ExpandableTasks.swift in Sources */,
				99D4AE95208E334D0026E6FE /* task_CategoryTableViewCell.swift in Sources */,
				9998D2FB208E66A2007840F8 /* CalendarVars.swift in Sources */,
				99C29FF42087D1D50013F9EA /* AppDelegate.swift in Sources */,
				99E3CFC22089214A0085F123 /* TaskView.swift in Sources */,
				991FD5E520884C3D001205BA /* SideBarTableViewCell.swift in Sources */,
				99118ACF2092EECD002EC3ED /* CalendarAllTaskTableViewCell.swift in Sources */,
				999E8B22208EC4030021C255 /* addTask_categoryCollectionViewCell.swift in Sources */,
			);
			runOnlyForDeploymentPostprocessing = 0;
		};
		99C2A0002087D1D60013F9EA /* Sources */ = {
			isa = PBXSourcesBuildPhase;
			buildActionMask = 2147483647;
			files = (
				99C2A0092087D1D70013F9EA /* TodoList_INFO6350Tests.swift in Sources */,
			);
			runOnlyForDeploymentPostprocessing = 0;
		};
/* End PBXSourcesBuildPhase section */

/* Begin PBXTargetDependency section */
		99C2A0062087D1D60013F9EA /* PBXTargetDependency */ = {
			isa = PBXTargetDependency;
			target = 99C29FEF2087D1D50013F9EA /* TodoList_INFO6350 */;
			targetProxy = 99C2A0052087D1D60013F9EA /* PBXContainerItemProxy */;
		};
/* End PBXTargetDependency section */

/* Begin PBXVariantGroup section */
		99C29FF72087D1D50013F9EA /* Main.storyboard */ = {
			isa = PBXVariantGroup;
			children = (
				99C29FF82087D1D50013F9EA /* Base */,
			);
			name = Main.storyboard;
			sourceTree = "<group>";
		};
		99C29FFC2087D1D60013F9EA /* LaunchScreen.storyboard */ = {
			isa = PBXVariantGroup;
			children = (
				99C29FFD2087D1D60013F9EA /* Base */,
			);
			name = LaunchScreen.storyboard;
			sourceTree = "<group>";
		};
/* End PBXVariantGroup section */

/* Begin XCBuildConfiguration section */
		99C2A00B2087D1D70013F9EA /* Debug */ = {
			isa = XCBuildConfiguration;
			buildSettings = {
				ALWAYS_SEARCH_USER_PATHS = NO;
				CLANG_ANALYZER_NONNULL = YES;
				CLANG_ANALYZER_NUMBER_OBJECT_CONVERSION = YES_AGGRESSIVE;
				CLANG_CXX_LANGUAGE_STANDARD = "gnu++14";
				CLANG_CXX_LIBRARY = "libc++";
				CLANG_ENABLE_MODULES = YES;
				CLANG_ENABLE_OBJC_ARC = YES;
				CLANG_ENABLE_OBJC_WEAK = YES;
				CLANG_WARN_BLOCK_CAPTURE_AUTORELEASING = YES;
				CLANG_WARN_BOOL_CONVERSION = YES;
				CLANG_WARN_COMMA = YES;
				CLANG_WARN_CONSTANT_CONVERSION = YES;
				CLANG_WARN_DEPRECATED_OBJC_IMPLEMENTATIONS = YES;
				CLANG_WARN_DIRECT_OBJC_ISA_USAGE = YES_ERROR;
				CLANG_WARN_DOCUMENTATION_COMMENTS = YES;
				CLANG_WARN_EMPTY_BODY = YES;
				CLANG_WARN_ENUM_CONVERSION = YES;
				CLANG_WARN_INFINITE_RECURSION = YES;
				CLANG_WARN_INT_CONVERSION = YES;
				CLANG_WARN_NON_LITERAL_NULL_CONVERSION = YES;
				CLANG_WARN_OBJC_IMPLICIT_RETAIN_SELF = YES;
				CLANG_WARN_OBJC_LITERAL_CONVERSION = YES;
				CLANG_WARN_OBJC_ROOT_CLASS = YES_ERROR;
				CLANG_WARN_RANGE_LOOP_ANALYSIS = YES;
				CLANG_WARN_STRICT_PROTOTYPES = YES;
				CLANG_WARN_SUSPICIOUS_MOVE = YES;
				CLANG_WARN_UNGUARDED_AVAILABILITY = YES_AGGRESSIVE;
				CLANG_WARN_UNREACHABLE_CODE = YES;
				CLANG_WARN__DUPLICATE_METHOD_MATCH = YES;
				CODE_SIGN_IDENTITY = "iPhone Developer";
				COPY_PHASE_STRIP = NO;
				DEBUG_INFORMATION_FORMAT = dwarf;
				ENABLE_STRICT_OBJC_MSGSEND = YES;
				ENABLE_TESTABILITY = YES;
				GCC_C_LANGUAGE_STANDARD = gnu11;
				GCC_DYNAMIC_NO_PIC = NO;
				GCC_NO_COMMON_BLOCKS = YES;
				GCC_OPTIMIZATION_LEVEL = 0;
				GCC_PREPROCESSOR_DEFINITIONS = (
					"DEBUG=1",
					"$(inherited)",
				);
				GCC_WARN_64_TO_32_BIT_CONVERSION = YES;
				GCC_WARN_ABOUT_RETURN_TYPE = YES_ERROR;
				GCC_WARN_UNDECLARED_SELECTOR = YES;
				GCC_WARN_UNINITIALIZED_AUTOS = YES_AGGRESSIVE;
				GCC_WARN_UNUSED_FUNCTION = YES;
				GCC_WARN_UNUSED_VARIABLE = YES;
				IPHONEOS_DEPLOYMENT_TARGET = 11.3;
				MTL_ENABLE_DEBUG_INFO = YES;
				ONLY_ACTIVE_ARCH = YES;
				SDKROOT = iphoneos;
				SWIFT_ACTIVE_COMPILATION_CONDITIONS = DEBUG;
				SWIFT_OPTIMIZATION_LEVEL = "-Onone";
			};
			name = Debug;
		};
		99C2A00C2087D1D70013F9EA /* Release */ = {
			isa = XCBuildConfiguration;
			buildSettings = {
				ALWAYS_SEARCH_USER_PATHS = NO;
				CLANG_ANALYZER_NONNULL = YES;
				CLANG_ANALYZER_NUMBER_OBJECT_CONVERSION = YES_AGGRESSIVE;
				CLANG_CXX_LANGUAGE_STANDARD = "gnu++14";
				CLANG_CXX_LIBRARY = "libc++";
				CLANG_ENABLE_MODULES = YES;
				CLANG_ENABLE_OBJC_ARC = YES;
				CLANG_ENABLE_OBJC_WEAK = YES;
				CLANG_WARN_BLOCK_CAPTURE_AUTORELEASING = YES;
				CLANG_WARN_BOOL_CONVERSION = YES;
				CLANG_WARN_COMMA = YES;
				CLANG_WARN_CONSTANT_CONVERSION = YES;
				CLANG_WARN_DEPRECATED_OBJC_IMPLEMENTATIONS = YES;
				CLANG_WARN_DIRECT_OBJC_ISA_USAGE = YES_ERROR;
				CLANG_WARN_DOCUMENTATION_COMMENTS = YES;
				CLANG_WARN_EMPTY_BODY = YES;
				CLANG_WARN_ENUM_CONVERSION = YES;
				CLANG_WARN_INFINITE_RECURSION = YES;
				CLANG_WARN_INT_CONVERSION = YES;
				CLANG_WARN_NON_LITERAL_NULL_CONVERSION = YES;
				CLANG_WARN_OBJC_IMPLICIT_RETAIN_SELF = YES;
				CLANG_WARN_OBJC_LITERAL_CONVERSION = YES;
				CLANG_WARN_OBJC_ROOT_CLASS = YES_ERROR;
				CLANG_WARN_RANGE_LOOP_ANALYSIS = YES;
				CLANG_WARN_STRICT_PROTOTYPES = YES;
				CLANG_WARN_SUSPICIOUS_MOVE = YES;
				CLANG_WARN_UNGUARDED_AVAILABILITY = YES_AGGRESSIVE;
				CLANG_WARN_UNREACHABLE_CODE = YES;
				CLANG_WARN__DUPLICATE_METHOD_MATCH = YES;
				CODE_SIGN_IDENTITY = "iPhone Developer";
				COPY_PHASE_STRIP = NO;
				DEBUG_INFORMATION_FORMAT = "dwarf-with-dsym";
				ENABLE_NS_ASSERTIONS = NO;
				ENABLE_STRICT_OBJC_MSGSEND = YES;
				GCC_C_LANGUAGE_STANDARD = gnu11;
				GCC_NO_COMMON_BLOCKS = YES;
				GCC_WARN_64_TO_32_BIT_CONVERSION = YES;
				GCC_WARN_ABOUT_RETURN_TYPE = YES_ERROR;
				GCC_WARN_UNDECLARED_SELECTOR = YES;
				GCC_WARN_UNINITIALIZED_AUTOS = YES_AGGRESSIVE;
				GCC_WARN_UNUSED_FUNCTION = YES;
				GCC_WARN_UNUSED_VARIABLE = YES;
				IPHONEOS_DEPLOYMENT_TARGET = 11.3;
				MTL_ENABLE_DEBUG_INFO = NO;
				SDKROOT = iphoneos;
				SWIFT_COMPILATION_MODE = wholemodule;
				SWIFT_OPTIMIZATION_LEVEL = "-O";
				VALIDATE_PRODUCT = YES;
			};
			name = Release;
		};
		99C2A00E2087D1D70013F9EA /* Debug */ = {
			isa = XCBuildConfiguration;
			buildSettings = {
				ASSETCATALOG_COMPILER_APPICON_NAME = AppIcon;
				CODE_SIGN_STYLE = Automatic;
				DEVELOPMENT_TEAM = K23RP5J3ZF;
				INFOPLIST_FILE = TodoList_INFO6350/Info.plist;
				LD_RUNPATH_SEARCH_PATHS = (
					"$(inherited)",
					"@executable_path/Frameworks",
				);
				PRODUCT_BUNDLE_IDENTIFIER = "RhYin.TodoList-INFO6350";
				PRODUCT_NAME = "$(TARGET_NAME)";
				SWIFT_VERSION = 4.0;
				TARGETED_DEVICE_FAMILY = "1,2";
			};
			name = Debug;
		};
		99C2A00F2087D1D70013F9EA /* Release */ = {
			isa = XCBuildConfiguration;
			buildSettings = {
				ASSETCATALOG_COMPILER_APPICON_NAME = AppIcon;
				CODE_SIGN_STYLE = Automatic;
				DEVELOPMENT_TEAM = K23RP5J3ZF;
				INFOPLIST_FILE = TodoList_INFO6350/Info.plist;
				LD_RUNPATH_SEARCH_PATHS = (
					"$(inherited)",
					"@executable_path/Frameworks",
				);
				PRODUCT_BUNDLE_IDENTIFIER = "RhYin.TodoList-INFO6350";
				PRODUCT_NAME = "$(TARGET_NAME)";
				SWIFT_VERSION = 4.0;
				TARGETED_DEVICE_FAMILY = "1,2";
			};
			name = Release;
		};
		99C2A0112087D1D70013F9EA /* Debug */ = {
			isa = XCBuildConfiguration;
			buildSettings = {
				ALWAYS_EMBED_SWIFT_STANDARD_LIBRARIES = YES;
				BUNDLE_LOADER = "$(TEST_HOST)";
				CODE_SIGN_STYLE = Automatic;
				DEVELOPMENT_TEAM = K23RP5J3ZF;
				INFOPLIST_FILE = TodoList_INFO6350Tests/Info.plist;
				LD_RUNPATH_SEARCH_PATHS = (
					"$(inherited)",
					"@executable_path/Frameworks",
					"@loader_path/Frameworks",
				);
				PRODUCT_BUNDLE_IDENTIFIER = "RhYin.TodoList-INFO6350Tests";
				PRODUCT_NAME = "$(TARGET_NAME)";
				SWIFT_VERSION = 4.0;
				TARGETED_DEVICE_FAMILY = "1,2";
				TEST_HOST = "$(BUILT_PRODUCTS_DIR)/TodoList_INFO6350.app/TodoList_INFO6350";
			};
			name = Debug;
		};
		99C2A0122087D1D70013F9EA /* Release */ = {
			isa = XCBuildConfiguration;
			buildSettings = {
				ALWAYS_EMBED_SWIFT_STANDARD_LIBRARIES = YES;
				BUNDLE_LOADER = "$(TEST_HOST)";
				CODE_SIGN_STYLE = Automatic;
				DEVELOPMENT_TEAM = K23RP5J3ZF;
				INFOPLIST_FILE = TodoList_INFO6350Tests/Info.plist;
				LD_RUNPATH_SEARCH_PATHS = (
					"$(inherited)",
					"@executable_path/Frameworks",
					"@loader_path/Frameworks",
				);
				PRODUCT_BUNDLE_IDENTIFIER = "RhYin.TodoList-INFO6350Tests";
				PRODUCT_NAME = "$(TARGET_NAME)";
				SWIFT_VERSION = 4.0;
				TARGETED_DEVICE_FAMILY = "1,2";
				TEST_HOST = "$(BUILT_PRODUCTS_DIR)/TodoList_INFO6350.app/TodoList_INFO6350";
			};
			name = Release;
		};
/* End XCBuildConfiguration section */

/* Begin XCConfigurationList section */
		99C29FEB2087D1D50013F9EA /* Build configuration list for PBXProject "TodoList_INFO6350" */ = {
			isa = XCConfigurationList;
			buildConfigurations = (
				99C2A00B2087D1D70013F9EA /* Debug */,
				99C2A00C2087D1D70013F9EA /* Release */,
			);
			defaultConfigurationIsVisible = 0;
			defaultConfigurationName = Release;
		};
		99C2A00D2087D1D70013F9EA /* Build configuration list for PBXNativeTarget "TodoList_INFO6350" */ = {
			isa = XCConfigurationList;
			buildConfigurations = (
				99C2A00E2087D1D70013F9EA /* Debug */,
				99C2A00F2087D1D70013F9EA /* Release */,
			);
			defaultConfigurationIsVisible = 0;
			defaultConfigurationName = Release;
		};
		99C2A0102087D1D70013F9EA /* Build configuration list for PBXNativeTarget "TodoList_INFO6350Tests" */ = {
			isa = XCConfigurationList;
			buildConfigurations = (
				99C2A0112087D1D70013F9EA /* Debug */,
				99C2A0122087D1D70013F9EA /* Release */,
			);
			defaultConfigurationIsVisible = 0;
			defaultConfigurationName = Release;
		};
/* End XCConfigurationList section */
	};
	rootObject = 99C29FE82087D1D50013F9EA /* Project object */;
}
